
Microsoft Visual Studio Solution File, Format Version 12.00
# Visual Studio Version 17
VisualStudioVersion = 17.8.34525.116
MinimumVisualStudioVersion = 10.0.40219.1
Project("{2150E333-8FDC-42A3-9474-1A3956D46DE8}") = "Task1", "Task1", "{EA57C55A-5FF5-4398-81CC-D21D890B6B16}"
EndProject
Project("{2150E333-8FDC-42A3-9474-1A3956D46DE8}") = "Task2", "Task2", "{B946E8AE-55B2-4FDE-9B2B-35D69A486F5F}"
EndProject
Project("{2150E333-8FDC-42A3-9474-1A3956D46DE8}") = "Task3", "Task3", "{6C95A76D-384F-4BF1-8A5C-C9AD1F37858C}"
EndProject
Project("{9A19103F-16F7-4668-BE54-9A1E7A4F7556}") = "Server1", "Server1\Server1.csproj", "{4C299660-048D-4B04-92C0-60EC65D8A28B}"
EndProject
Project("{9A19103F-16F7-4668-BE54-9A1E7A4F7556}") = "Client1", "Client1\Client1.csproj", "{75DFC40F-1A5B-42EA-8BAF-9F1F2DCAE2AE}"
EndProject
Project("{9A19103F-16F7-4668-BE54-9A1E7A4F7556}") = "Client2", "Client2\Client2.csproj", "{D29B9981-1550-42E6-B66E-8ECA5114C5A6}"
EndProject
Project("{9A19103F-16F7-4668-BE54-9A1E7A4F7556}") = "Server2", "Server2\Server2.csproj", "{82C4A82C-F5F8-4884-8696-0783E51F2DA6}"
EndProject
Project("{FAE04EC0-301F-11D3-BF4B-00C04F79EFBC}") = "Server3", "Server3\Server3.csproj", "{D0440577-DEE9-4138-92FA-362905995654}"
EndProject
Project("{FAE04EC0-301F-11D3-BF4B-00C04F79EFBC}") = "Client3", "Client3\Client3.csproj", "{DD997648-2790-4594-A24C-D99B041A41D8}"
EndProject
Global
	GlobalSection(SolutionConfigurationPlatforms) = preSolution
		Debug|Any CPU = Debug|Any CPU
		Release|Any CPU = Release|Any CPU
	EndGlobalSection
	GlobalSection(ProjectConfigurationPlatforms) = postSolution
		{4C299660-048D-4B04-92C0-60EC65D8A28B}.Debug|Any CPU.ActiveCfg = Debug|Any CPU
		{4C299660-048D-4B04-92C0-60EC65D8A28B}.Debug|Any CPU.Build.0 = Debug|Any CPU
		{4C299660-048D-4B04-92C0-60EC65D8A28B}.Release|Any CPU.ActiveCfg = Release|Any CPU
		{4C299660-048D-4B04-92C0-60EC65D8A28B}.Release|Any CPU.Build.0 = Release|Any CPU
		{75DFC40F-1A5B-42EA-8BAF-9F1F2DCAE2AE}.Debug|Any CPU.ActiveCfg = Debug|Any CPU
		{75DFC40F-1A5B-42EA-8BAF-9F1F2DCAE2AE}.Debug|Any CPU.Build.0 = Debug|Any CPU
		{75DFC40F-1A5B-42EA-8BAF-9F1F2DCAE2AE}.Release|Any CPU.ActiveCfg = Release|Any CPU
		{75DFC40F-1A5B-42EA-8BAF-9F1F2DCAE2AE}.Release|Any CPU.Build.0 = Release|Any CPU
		{D29B9981-1550-42E6-B66E-8ECA5114C5A6}.Debug|Any CPU.ActiveCfg = Debug|Any CPU
		{D29B9981-1550-42E6-B66E-8ECA5114C5A6}.Debug|Any CPU.Build.0 = Debug|Any CPU
		{D29B9981-1550-42E6-B66E-8ECA5114C5A6}.Release|Any CPU.ActiveCfg = Release|Any CPU
		{D29B9981-1550-42E6-B66E-8ECA5114C5A6}.Release|Any CPU.Build.0 = Release|Any CPU
		{82C4A82C-F5F8-4884-8696-0783E51F2DA6}.Debug|Any CPU.ActiveCfg = Debug|Any CPU
		{82C4A82C-F5F8-4884-8696-0783E51F2DA6}.Debug|Any CPU.Build.0 = Debug|Any CPU
		{82C4A82C-F5F8-4884-8696-0783E51F2DA6}.Release|Any CPU.ActiveCfg = Release|Any CPU
		{82C4A82C-F5F8-4884-8696-0783E51F2DA6}.Release|Any CPU.Build.0 = Release|Any CPU
		{D0440577-DEE9-4138-92FA-362905995654}.Debug|Any CPU.ActiveCfg = Debug|Any CPU
		{D0440577-DEE9-4138-92FA-362905995654}.Debug|Any CPU.Build.0 = Debug|Any CPU
		{D0440577-DEE9-4138-92FA-362905995654}.Release|Any CPU.ActiveCfg = Release|Any CPU
		{D0440577-DEE9-4138-92FA-362905995654}.Release|Any CPU.Build.0 = Release|Any CPU
		{DD997648-2790-4594-A24C-D99B041A41D8}.Debug|Any CPU.ActiveCfg = Debug|Any CPU
		{DD997648-2790-4594-A24C-D99B041A41D8}.Debug|Any CPU.Build.0 = Debug|Any CPU
		{DD997648-2790-4594-A24C-D99B041A41D8}.Release|Any CPU.ActiveCfg = Release|Any CPU
		{DD997648-2790-4594-A24C-D99B041A41D8}.Release|Any CPU.Build.0 = Release|Any CPU
	EndGlobalSection
	GlobalSection(SolutionProperties) = preSolution
		HideSolutionNode = FALSE
	EndGlobalSection
	GlobalSection(NestedProjects) = preSolution
		{4C299660-048D-4B04-92C0-60EC65D8A28B} = {EA57C55A-5FF5-4398-81CC-D21D890B6B16}
		{75DFC40F-1A5B-42EA-8BAF-9F1F2DCAE2AE} = {EA57C55A-5FF5-4398-81CC-D21D890B6B16}
		{D29B9981-1550-42E6-B66E-8ECA5114C5A6} = {B946E8AE-55B2-4FDE-9B2B-35D69A486F5F}
		{82C4A82C-F5F8-4884-8696-0783E51F2DA6} = {B946E8AE-55B2-4FDE-9B2B-35D69A486F5F}
		{D0440577-DEE9-4138-92FA-362905995654} = {6C95A76D-384F-4BF1-8A5C-C9AD1F37858C}
		{DD997648-2790-4594-A24C-D99B041A41D8} = {6C95A76D-384F-4BF1-8A5C-C9AD1F37858C}
	EndGlobalSection
	GlobalSection(ExtensibilityGlobals) = postSolution
		SolutionGuid = {D9153288-0359-4D10-931A-20040F58215C}
	EndGlobalSection
EndGlobal
